// !$*UTF8*$!
{
	archiveVersion = 1;
	classes = {
	};
	objectVersion = 55;
	objects = {

/* Begin PBXBuildFile section */
		AD1FC580275BBE80008616CF /* HomeViewRow.swift in Sources */ = {isa = PBXBuildFile; fileRef = AD1FC57F275BBE80008616CF /* HomeViewRow.swift */; };
		AD21D844275AB3E700C10461 /* LearningApp.swift in Sources */ = {isa = PBXBuildFile; fileRef = AD21D843275AB3E700C10461 /* LearningApp.swift */; };
		AD21D846275AB3E700C10461 /* HomeView.swift in Sources */ = {isa = PBXBuildFile; fileRef = AD21D845275AB3E700C10461 /* HomeView.swift */; };
		AD21D848275AB3E700C10461 /* Assets.xcassets in Resources */ = {isa = PBXBuildFile; fileRef = AD21D847275AB3E700C10461 /* Assets.xcassets */; };
		AD21D84B275AB3E700C10461 /* Preview Assets.xcassets in Resources */ = {isa = PBXBuildFile; fileRef = AD21D84A275AB3E700C10461 /* Preview Assets.xcassets */; };
		AD21D857275AB50A00C10461 /* ContentModel.swift in Sources */ = {isa = PBXBuildFile; fileRef = AD21D856275AB50A00C10461 /* ContentModel.swift */; };
		AD21D859275AB80100C10461 /* data.json in Resources */ = {isa = PBXBuildFile; fileRef = AD21D858275AB80100C10461 /* data.json */; };
		AD21D85B275AB82500C10461 /* style.html in Resources */ = {isa = PBXBuildFile; fileRef = AD21D85A275AB82500C10461 /* style.html */; };
		AD21D85D275ABACC00C10461 /* Module.swift in Sources */ = {isa = PBXBuildFile; fileRef = AD21D85C275ABACC00C10461 /* Module.swift */; };
/* End PBXBuildFile section */

/* Begin PBXFileReference section */
		AD1FC57F275BBE80008616CF /* HomeViewRow.swift */ = {isa = PBXFileReference; lastKnownFileType = sourcecode.swift; path = HomeViewRow.swift; sourceTree = "<group>"; };
		AD21D840275AB3E700C10461 /* LearningApp.app */ = {isa = PBXFileReference; explicitFileType = wrapper.application; includeInIndex = 0; path = LearningApp.app; sourceTree = BUILT_PRODUCTS_DIR; };
		AD21D843275AB3E700C10461 /* LearningApp.swift */ = {isa = PBXFileReference; lastKnownFileType = sourcecode.swift; path = LearningApp.swift; sourceTree = "<group>"; };
		AD21D845275AB3E700C10461 /* HomeView.swift */ = {isa = PBXFileReference; lastKnownFileType = sourcecode.swift; path = HomeView.swift; sourceTree = "<group>"; };
		AD21D847275AB3E700C10461 /* Assets.xcassets */ = {isa = PBXFileReference; lastKnownFileType = folder.assetcatalog; path = Assets.xcassets; sourceTree = "<group>"; };
		AD21D84A275AB3E700C10461 /* Preview Assets.xcassets */ = {isa = PBXFileReference; lastKnownFileType = folder.assetcatalog; path = "Preview Assets.xcassets"; sourceTree = "<group>"; };
		AD21D856275AB50A00C10461 /* ContentModel.swift */ = {isa = PBXFileReference; lastKnownFileType = sourcecode.swift; path = ContentModel.swift; sourceTree = "<group>"; };
		AD21D858275AB80100C10461 /* data.json */ = {isa = PBXFileReference; fileEncoding = 4; lastKnownFileType = text.json; path = data.json; sourceTree = "<group>"; };
		AD21D85A275AB82500C10461 /* style.html */ = {isa = PBXFileReference; fileEncoding = 4; lastKnownFileType = text.html; path = style.html; sourceTree = "<group>"; };
		AD21D85C275ABACC00C10461 /* Module.swift */ = {isa = PBXFileReference; lastKnownFileType = sourcecode.swift; path = Module.swift; sourceTree = "<group>"; };
/* End PBXFileReference section */

/* Begin PBXFrameworksBuildPhase section */
		AD21D83D275AB3E700C10461 /* Frameworks */ = {
			isa = PBXFrameworksBuildPhase;
			buildActionMask = 2147483647;
			files = (
			);
			runOnlyForDeploymentPostprocessing = 0;
		};
/* End PBXFrameworksBuildPhase section */

/* Begin PBXGroup section */
		AD21D837275AB3E700C10461 = {
			isa = PBXGroup;
			children = (
				AD21D842275AB3E700C10461 /* LearningApp */,
				AD21D841275AB3E700C10461 /* Products */,
			);
			sourceTree = "<group>";
		};
		AD21D841275AB3E700C10461 /* Products */ = {
			isa = PBXGroup;
			children = (
				AD21D840275AB3E700C10461 /* LearningApp.app */,
			);
			name = Products;
			sourceTree = "<group>";
		};
		AD21D842275AB3E700C10461 /* LearningApp */ = {
			isa = PBXGroup;
			children = (
				AD21D843275AB3E700C10461 /* LearningApp.swift */,
				AD21D852275AB4B400C10461 /* Views */,
				AD21D853275AB4BE00C10461 /* ViewModels */,
				AD21D851275AB4AC00C10461 /* Models */,
				AD21D855275AB4CE00C10461 /* Utilities */,
				AD21D854275AB4C800C10461 /* Resources */,
				AD21D847275AB3E700C10461 /* Assets.xcassets */,
				AD21D849275AB3E700C10461 /* Preview Content */,
			);
			path = LearningApp;
			sourceTree = "<group>";
		};
		AD21D849275AB3E700C10461 /* Preview Content */ = {
			isa = PBXGroup;
			children = (
				AD21D84A275AB3E700C10461 /* Preview Assets.xcassets */,
			);
			path = "Preview Content";
			sourceTree = "<group>";
		};
		AD21D851275AB4AC00C10461 /* Models */ = {
			isa = PBXGroup;
			children = (
				AD21D85C275ABACC00C10461 /* Module.swift */,
			);
			path = Models;
			sourceTree = "<group>";
		};
		AD21D852275AB4B400C10461 /* Views */ = {
			isa = PBXGroup;
			children = (
				AD21D845275AB3E700C10461 /* HomeView.swift */,
				AD1FC57F275BBE80008616CF /* HomeViewRow.swift */,
			);
			path = Views;
			sourceTree = "<group>";
		};
		AD21D853275AB4BE00C10461 /* ViewModels */ = {
			isa = PBXGroup;
			children = (
				AD21D856275AB50A00C10461 /* ContentModel.swift */,
			);
			path = ViewModels;
			sourceTree = "<group>";
		};
		AD21D854275AB4C800C10461 /* Resources */ = {
			isa = PBXGroup;
			children = (
				AD21D85A275AB82500C10461 /* style.html */,
				AD21D858275AB80100C10461 /* data.json */,
			);
			path = Resources;
			sourceTree = "<group>";
		};
		AD21D855275AB4CE00C10461 /* Utilities */ = {
			isa = PBXGroup;
			children = (
			);
			path = Utilities;
			sourceTree = "<group>";
		};
/* End PBXGroup section */

/* Begin PBXNativeTarget section */
		AD21D83F275AB3E700C10461 /* LearningApp */ = {
			isa = PBXNativeTarget;
			buildConfigurationList = AD21D84E275AB3E700C10461 /* Build configuration list for PBXNativeTarget "LearningApp" */;
			buildPhases = (
				AD21D83C275AB3E700C10461 /* Sources */,
				AD21D83D275AB3E700C10461 /* Frameworks */,
				AD21D83E275AB3E700C10461 /* Resources */,
			);
			buildRules = (
			);
			dependencies = (
			);
			name = LearningApp;
			productName = LearningApp;
			productReference = AD21D840275AB3E700C10461 /* LearningApp.app */;
			productType = "com.apple.product-type.application";
		};
/* End PBXNativeTarget section */

/* Begin PBXProject section */
		AD21D838275AB3E700C10461 /* Project object */ = {
			isa = PBXProject;
			attributes = {
				BuildIndependentTargetsInParallel = 1;
				LastSwiftUpdateCheck = 1310;
				LastUpgradeCheck = 1310;
				TargetAttributes = {
					AD21D83F275AB3E700C10461 = {
						CreatedOnToolsVersion = 13.1;
					};
				};
			};
			buildConfigurationList = AD21D83B275AB3E700C10461 /* Build configuration list for PBXProject "LearningApp" */;
			compatibilityVersion = "Xcode 13.0";
			developmentRegion = en;
			hasScannedForEncodings = 0;
			knownRegions = (
				en,
				Base,
			);
			mainGroup = AD21D837275AB3E700C10461;
			productRefGroup = AD21D841275AB3E700C10461 /* Products */;
			projectDirPath = "";
			projectRoot = "";
			targets = (
				AD21D83F275AB3E700C10461 /* LearningApp */,
			);
		};
/* End PBXProject section */

/* Begin PBXResourcesBuildPhase section */
		AD21D83E275AB3E700C10461 /* Resources */ = {
			isa = PBXResourcesBuildPhase;
			buildActionMask = 2147483647;
			files = (
				AD21D84B275AB3E700C10461 /* Preview Assets.xcassets in Resources */,
				AD21D859275AB80100C10461 /* data.json in Resources */,
				AD21D85B275AB82500C10461 /* style.html in Resources */,
				AD21D848275AB3E700C10461 /* Assets.xcassets in Resources */,
			);
			runOnlyForDeploymentPostprocessing = 0;
		};
/* End PBXResourcesBuildPhase section */

/* Begin PBXSourcesBuildPhase section */
		AD21D83C275AB3E700C10461 /* Sources */ = {
			isa = PBXSourcesBuildPhase;
			buildActionMask = 2147483647;
			files = (
				AD21D846275AB3E700C10461 /* HomeView.swift in Sources */,
				AD1FC580275BBE80008616CF /* HomeViewRow.swift in Sources */,
				AD21D85D275ABACC00C10461 /* Module.swift in Sources */,
				AD21D844275AB3E700C10461 /* LearningApp.swift in Sources */,
				AD21D857275AB50A00C10461 /* ContentModel.swift in Sources */,
			);
			runOnlyForDeploymentPostprocessing = 0;
		};
/* End PBXSourcesBuildPhase section */

/* Begin XCBuildConfiguration section */
		AD21D84C275AB3E700C10461 /* Debug */ = {
			isa = XCBuildConfiguration;
			buildSettings = {
				ALWAYS_SEARCH_USER_PATHS = NO;
				CLANG_ANALYZER_NONNULL = YES;
				CLANG_ANALYZER_NUMBER_OBJECT_CONVERSION = YES_AGGRESSIVE;
				CLANG_CXX_LANGUAGE_STANDARD = "gnu++17";
				CLANG_CXX_LIBRARY = "libc++";
				CLANG_ENABLE_MODULES = YES;
				CLANG_ENABLE_OBJC_ARC = YES;
				CLANG_ENABLE_OBJC_WEAK = YES;
				CLANG_WARN_BLOCK_CAPTURE_AUTORELEASING = YES;
				CLANG_WARN_BOOL_CONVERSION = YES;
				CLANG_WARN_COMMA = YES;
				CLANG_WARN_CONSTANT_CONVERSION = YES;
				CLANG_WARN_DEPRECATED_OBJC_IMPLEMENTATIONS = YES;
				CLANG_WARN_DIRECT_OBJC_ISA_USAGE = YES_ERROR;
				CLANG_WARN_DOCUMENTATION_COMMENTS = YES;
				CLANG_WARN_EMPTY_BODY = YES;
				CLANG_WARN_ENUM_CONVERSION = YES;
				CLANG_WARN_INFINITE_RECURSION = YES;
				CLANG_WARN_INT_CONVERSION = YES;
				CLANG_WARN_NON_LITERAL_NULL_CONVERSION = YES;
				CLANG_WARN_OBJC_IMPLICIT_RETAIN_SELF = YES;
				CLANG_WARN_OBJC_LITERAL_CONVERSION = YES;
				CLANG_WARN_OBJC_ROOT_CLASS = YES_ERROR;
				CLANG_WARN_QUOTED_INCLUDE_IN_FRAMEWORK_HEADER = YES;
				CLANG_WARN_RANGE_LOOP_ANALYSIS = YES;
				CLANG_WARN_STRICT_PROTOTYPES = YES;
				CLANG_WARN_SUSPICIOUS_MOVE = YES;
				CLANG_WARN_UNGUARDED_AVAILABILITY = YES_AGGRESSIVE;
				CLANG_WARN_UNREACHABLE_CODE = YES;
				CLANG_WARN__DUPLICATE_METHOD_MATCH = YES;
				COPY_PHASE_STRIP = NO;
				DEBUG_INFORMATION_FORMAT = dwarf;
				ENABLE_STRICT_OBJC_MSGSEND = YES;
				ENABLE_TESTABILITY = YES;
				GCC_C_LANGUAGE_STANDARD = gnu11;
				GCC_DYNAMIC_NO_PIC = NO;
				GCC_NO_COMMON_BLOCKS = YES;
				GCC_OPTIMIZATION_LEVEL = 0;
				GCC_PREPROCESSOR_DEFINITIONS = (
					"DEBUG=1",
					"$(inherited)",
				);
				GCC_WARN_64_TO_32_BIT_CONVERSION = YES;
				GCC_WARN_ABOUT_RETURN_TYPE = YES_ERROR;
				GCC_WARN_UNDECLARED_SELECTOR = YES;
				GCC_WARN_UNINITIALIZED_AUTOS = YES_AGGRESSIVE;
				GCC_WARN_UNUSED_FUNCTION = YES;
				GCC_WARN_UNUSED_VARIABLE = YES;
				IPHONEOS_DEPLOYMENT_TARGET = 15.0;
				MTL_ENABLE_DEBUG_INFO = INCLUDE_SOURCE;
				MTL_FAST_MATH = YES;
				ONLY_ACTIVE_ARCH = YES;
				SDKROOT = iphoneos;
				SWIFT_ACTIVE_COMPILATION_CONDITIONS = DEBUG;
				SWIFT_OPTIMIZATION_LEVEL = "-Onone";
			};
			name = Debug;
		};
		AD21D84D275AB3E700C10461 /* Release */ = {
			isa = XCBuildConfiguration;
			buildSettings = {
				ALWAYS_SEARCH_USER_PATHS = NO;
				CLANG_ANALYZER_NONNULL = YES;
				CLANG_ANALYZER_NUMBER_OBJECT_CONVERSION = YES_AGGRESSIVE;
				CLANG_CXX_LANGUAGE_STANDARD = "gnu++17";
				CLANG_CXX_LIBRARY = "libc++";
				CLANG_ENABLE_MODULES = YES;
				CLANG_ENABLE_OBJC_ARC = YES;
				CLANG_ENABLE_OBJC_WEAK = YES;
				CLANG_WARN_BLOCK_CAPTURE_AUTORELEASING = YES;
				CLANG_WARN_BOOL_CONVERSION = YES;
				CLANG_WARN_COMMA = YES;
				CLANG_WARN_CONSTANT_CONVERSION = YES;
				CLANG_WARN_DEPRECATED_OBJC_IMPLEMENTATIONS = YES;
				CLANG_WARN_DIRECT_OBJC_ISA_USAGE = YES_ERROR;
				CLANG_WARN_DOCUMENTATION_COMMENTS = YES;
				CLANG_WARN_EMPTY_BODY = YES;
				CLANG_WARN_ENUM_CONVERSION = YES;
				CLANG_WARN_INFINITE_RECURSION = YES;
				CLANG_WARN_INT_CONVERSION = YES;
				CLANG_WARN_NON_LITERAL_NULL_CONVERSION = YES;
				CLANG_WARN_OBJC_IMPLICIT_RETAIN_SELF = YES;
				CLANG_WARN_OBJC_LITERAL_CONVERSION = YES;
				CLANG_WARN_OBJC_ROOT_CLASS = YES_ERROR;
				CLANG_WARN_QUOTED_INCLUDE_IN_FRAMEWORK_HEADER = YES;
				CLANG_WARN_RANGE_LOOP_ANALYSIS = YES;
				CLANG_WARN_STRICT_PROTOTYPES = YES;
				CLANG_WARN_SUSPICIOUS_MOVE = YES;
				CLANG_WARN_UNGUARDED_AVAILABILITY = YES_AGGRESSIVE;
				CLANG_WARN_UNREACHABLE_CODE = YES;
				CLANG_WARN__DUPLICATE_METHOD_MATCH = YES;
				COPY_PHASE_STRIP = NO;
				DEBUG_INFORMATION_FORMAT = "dwarf-with-dsym";
				ENABLE_NS_ASSERTIONS = NO;
				ENABLE_STRICT_OBJC_MSGSEND = YES;
				GCC_C_LANGUAGE_STANDARD = gnu11;
				GCC_NO_COMMON_BLOCKS = YES;
				GCC_WARN_64_TO_32_BIT_CONVERSION = YES;
				GCC_WARN_ABOUT_RETURN_TYPE = YES_ERROR;
				GCC_WARN_UNDECLARED_SELECTOR = YES;
				GCC_WARN_UNINITIALIZED_AUTOS = YES_AGGRESSIVE;
				GCC_WARN_UNUSED_FUNCTION = YES;
				GCC_WARN_UNUSED_VARIABLE = YES;
				IPHONEOS_DEPLOYMENT_TARGET = 15.0;
				MTL_ENABLE_DEBUG_INFO = NO;
				MTL_FAST_MATH = YES;
				SDKROOT = iphoneos;
				SWIFT_COMPILATION_MODE = wholemodule;
				SWIFT_OPTIMIZATION_LEVEL = "-O";
				VALIDATE_PRODUCT = YES;
			};
			name = Release;
		};
		AD21D84F275AB3E700C10461 /* Debug */ = {
			isa = XCBuildConfiguration;
			buildSettings = {
				ASSETCATALOG_COMPILER_APPICON_NAME = AppIcon;
				ASSETCATALOG_COMPILER_GLOBAL_ACCENT_COLOR_NAME = AccentColor;
				CODE_SIGN_STYLE = Automatic;
				CURRENT_PROJECT_VERSION = 1;
				DEVELOPMENT_ASSET_PATHS = "\"LearningApp/Preview Content\"";
				DEVELOPMENT_TEAM = RTYY7GKEGT;
				ENABLE_PREVIEWS = YES;
				GENERATE_INFOPLIST_FILE = YES;
				INFOPLIST_KEY_UIApplicationSceneManifest_Generation = YES;
				INFOPLIST_KEY_UIApplicationSupportsIndirectInputEvents = YES;
				INFOPLIST_KEY_UILaunchScreen_Generation = YES;
				INFOPLIST_KEY_UISupportedInterfaceOrientations_iPad = "UIInterfaceOrientationPortrait UIInterfaceOrientationPortraitUpsideDown UIInterfaceOrientationLandscapeLeft UIInterfaceOrientationLandscapeRight";
				INFOPLIST_KEY_UISupportedInterfaceOrientations_iPhone = "UIInterfaceOrientationPortrait UIInterfaceOrientationLandscapeLeft UIInterfaceOrientationLandscapeRight";
				LD_RUNPATH_SEARCH_PATHS = (
					"$(inherited)",
					"@executable_path/Frameworks",
				);
				MARKETING_VERSION = 1.0;
				PRODUCT_BUNDLE_IDENTIFIER = com.EnueStudios.LearningApp;
				PRODUCT_NAME = "$(TARGET_NAME)";
				SWIFT_EMIT_LOC_STRINGS = YES;
				SWIFT_VERSION = 5.0;
				TARGETED_DEVICE_FAMILY = "1,2";
			};
			name = Debug;
		};
		AD21D850275AB3E700C10461 /* Release */ = {
			isa = XCBuildConfiguration;
			buildSettings = {
				ASSETCATALOG_COMPILER_APPICON_NAME = AppIcon;
				ASSETCATALOG_COMPILER_GLOBAL_ACCENT_COLOR_NAME = AccentColor;
				CODE_SIGN_STYLE = Automatic;
				CURRENT_PROJECT_VERSION = 1;
				DEVELOPMENT_ASSET_PATHS = "\"LearningApp/Preview Content\"";
				DEVELOPMENT_TEAM = RTYY7GKEGT;
				ENABLE_PREVIEWS = YES;
				GENERATE_INFOPLIST_FILE = YES;
				INFOPLIST_KEY_UIApplicationSceneManifest_Generation = YES;
				INFOPLIST_KEY_UIApplicationSupportsIndirectInputEvents = YES;
				INFOPLIST_KEY_UILaunchScreen_Generation = YES;
				INFOPLIST_KEY_UISupportedInterfaceOrientations_iPad = "UIInterfaceOrientationPortrait UIInterfaceOrientationPortraitUpsideDown UIInterfaceOrientationLandscapeLeft UIInterfaceOrientationLandscapeRight";
				INFOPLIST_KEY_UISupportedInterfaceOrientations_iPhone = "UIInterfaceOrientationPortrait UIInterfaceOrientationLandscapeLeft UIInterfaceOrientationLandscapeRight";
				LD_RUNPATH_SEARCH_PATHS = (
					"$(inherited)",
					"@executable_path/Frameworks",
				);
				MARKETING_VERSION = 1.0;
				PRODUCT_BUNDLE_IDENTIFIER = com.EnueStudios.LearningApp;
				PRODUCT_NAME = "$(TARGET_NAME)";
				SWIFT_EMIT_LOC_STRINGS = YES;
				SWIFT_VERSION = 5.0;
				TARGETED_DEVICE_FAMILY = "1,2";
			};
			name = Release;
		};
/* End XCBuildConfiguration section */

/* Begin XCConfigurationList section */
		AD21D83B275AB3E700C10461 /* Build configuration list for PBXProject "LearningApp" */ = {
			isa = XCConfigurationList;
			buildConfigurations = (
				AD21D84C275AB3E700C10461 /* Debug */,
				AD21D84D275AB3E700C10461 /* Release */,
			);
			defaultConfigurationIsVisible = 0;
			defaultConfigurationName = Release;
		};
		AD21D84E275AB3E700C10461 /* Build configuration list for PBXNativeTarget "LearningApp" */ = {
			isa = XCConfigurationList;
			buildConfigurations = (
				AD21D84F275AB3E700C10461 /* Debug */,
				AD21D850275AB3E700C10461 /* Release */,
			);
			defaultConfigurationIsVisible = 0;
			defaultConfigurationName = Release;
		};
/* End XCConfigurationList section */
	};
	rootObject = AD21D838275AB3E700C10461 /* Project object */;
}
